{
  "version": 4,
  "terraform_version": "1.11.1",
  "serial": 79,
  "lineage": "edfd918e-0f75-5e6a-744c-10bf9d7ffef6",
  "outputs": {},
  "resources": [
    {
      "mode": "managed",
      "type": "aws_internet_gateway",
      "name": "igw",
      "provider": "provider[\"registry.terraform.io/hashicorp/aws\"]",
      "instances": [
        {
          "schema_version": 0,
          "attributes": {
            "arn": "arn:aws:ec2:us-east-1:982081088799:internet-gateway/igw-0e995086bf5dd9746",
            "id": "igw-0e995086bf5dd9746",
            "owner_id": "982081088799",
            "tags": {
              "Name": "cluster-desafio-igw"
            },
            "tags_all": {
              "Name": "cluster-desafio-igw"
            },
            "timeouts": null,
            "vpc_id": "vpc-072debf49afcbb6f6"
          },
          "sensitive_attributes": [],
          "private": "eyJlMmJmYjczMC1lY2FhLTExZTYtOGY4OC0zNDM2M2JjN2M0YzAiOnsiY3JlYXRlIjoxMjAwMDAwMDAwMDAwLCJkZWxldGUiOjEyMDAwMDAwMDAwMDAsInVwZGF0ZSI6MTIwMDAwMDAwMDAwMH19",
          "dependencies": [
            "aws_vpc.eks_vpc"
          ]
        }
      ]
    },
    {
      "mode": "managed",
      "type": "aws_subnet",
      "name": "eks_subnets",
      "provider": "provider[\"registry.terraform.io/hashicorp/aws\"]",
      "instances": [
        {
          "index_key": 1,
          "schema_version": 1,
          "attributes": {
            "arn": "arn:aws:ec2:us-east-1:982081088799:subnet/subnet-092a112d792b145ab",
            "assign_ipv6_address_on_creation": false,
            "availability_zone": "us-east-1b",
            "availability_zone_id": "use1-az4",
            "cidr_block": "10.0.1.0/24",
            "customer_owned_ipv4_pool": "",
            "enable_dns64": false,
            "enable_lni_at_device_index": 0,
            "enable_resource_name_dns_a_record_on_launch": false,
            "enable_resource_name_dns_aaaa_record_on_launch": false,
            "id": "subnet-092a112d792b145ab",
            "ipv6_cidr_block": "",
            "ipv6_cidr_block_association_id": "",
            "ipv6_native": false,
            "map_customer_owned_ip_on_launch": false,
            "map_public_ip_on_launch": true,
            "outpost_arn": "",
            "owner_id": "982081088799",
            "private_dns_hostname_type_on_launch": "ip-name",
            "tags": {
              "Name": "cluster-desafio-subnet-1",
              "kubernetes.io/cluster/cluster-desafio": "shared",
              "kubernetes.io/role/elb": "1"
            },
            "tags_all": {
              "Name": "cluster-desafio-subnet-1",
              "kubernetes.io/cluster/cluster-desafio": "shared",
              "kubernetes.io/role/elb": "1"
            },
            "timeouts": null,
            "vpc_id": "vpc-072debf49afcbb6f6"
          },
          "sensitive_attributes": [],
          "private": "eyJlMmJmYjczMC1lY2FhLTExZTYtOGY4OC0zNDM2M2JjN2M0YzAiOnsiY3JlYXRlIjo2MDAwMDAwMDAwMDAsImRlbGV0ZSI6MTIwMDAwMDAwMDAwMH0sInNjaGVtYV92ZXJzaW9uIjoiMSJ9",
          "dependencies": [
            "aws_vpc.eks_vpc"
          ]
        }
      ]
    },
    {
      "mode": "managed",
      "type": "aws_vpc",
      "name": "eks_vpc",
      "provider": "provider[\"registry.terraform.io/hashicorp/aws\"]",
      "instances": [
        {
          "schema_version": 1,
          "attributes": {
            "arn": "arn:aws:ec2:us-east-1:982081088799:vpc/vpc-072debf49afcbb6f6",
            "assign_generated_ipv6_cidr_block": false,
            "cidr_block": "10.0.0.0/16",
            "default_network_acl_id": "acl-0fb51a0b2dc3a9eb7",
            "default_route_table_id": "rtb-09669fe527d31a572",
            "default_security_group_id": "sg-0eafef01c4cc0669a",
            "dhcp_options_id": "dopt-06a9a93f5e6a4dcb7",
            "enable_dns_hostnames": true,
            "enable_dns_support": true,
            "enable_network_address_usage_metrics": false,
            "id": "vpc-072debf49afcbb6f6",
            "instance_tenancy": "default",
            "ipv4_ipam_pool_id": null,
            "ipv4_netmask_length": null,
            "ipv6_association_id": "",
            "ipv6_cidr_block": "",
            "ipv6_cidr_block_network_border_group": "",
            "ipv6_ipam_pool_id": "",
            "ipv6_netmask_length": 0,
            "main_route_table_id": "rtb-09669fe527d31a572",
            "owner_id": "982081088799",
            "tags": {
              "Name": "cluster-desafio-vpc",
              "kubernetes.io/cluster/cluster-desafio": "shared"
            },
            "tags_all": {
              "Name": "cluster-desafio-vpc",
              "kubernetes.io/cluster/cluster-desafio": "shared"
            }
          },
          "sensitive_attributes": [],
          "private": "eyJzY2hlbWFfdmVyc2lvbiI6IjEifQ=="
        }
      ]
    }
  ],
  "check_results": null
}
